// !$*UTF8*$!
{
	archiveVersion = 1;
	classes = {
	};
	objectVersion = 46;
	objects = {

/* Begin PBXBuildFile section */
		3940EC4014969B4100625C8C /* UIKit.framework in Frameworks */ = {isa = PBXBuildFile; fileRef = 3940EC3F14969B4100625C8C /* UIKit.framework */; };
		3940EC4214969B4100625C8C /* Foundation.framework in Frameworks */ = {isa = PBXBuildFile; fileRef = 3940EC4114969B4100625C8C /* Foundation.framework */; };
		3940EC4414969B4100625C8C /* CoreGraphics.framework in Frameworks */ = {isa = PBXBuildFile; fileRef = 3940EC4314969B4100625C8C /* CoreGraphics.framework */; };
		3940EC4A14969B4100625C8C /* InfoPlist.strings in Resources */ = {isa = PBXBuildFile; fileRef = 3940EC4814969B4100625C8C /* InfoPlist.strings */; };
		3940EC4C14969B4100625C8C /* main.m in Sources */ = {isa = PBXBuildFile; fileRef = 3940EC4B14969B4100625C8C /* main.m */; };
		3940EC5014969B4100625C8C /* CalculAppDelegate.m in Sources */ = {isa = PBXBuildFile; fileRef = 3940EC4F14969B4100625C8C /* CalculAppDelegate.m */; };
		3940EC5314969B4100625C8C /* MainStoryboard.storyboard in Resources */ = {isa = PBXBuildFile; fileRef = 3940EC5114969B4100625C8C /* MainStoryboard.storyboard */; };
		3940EC5614969B4100625C8C /* CalculViewController.m in Sources */ = {isa = PBXBuildFile; fileRef = 3940EC5514969B4100625C8C /* CalculViewController.m */; };
		39BDAB53149CD84D000A0F40 /* CalculatorBrain.m in Sources */ = {isa = PBXBuildFile; fileRef = 39BDAB52149CD84D000A0F40 /* CalculatorBrain.m */; };
/* End PBXBuildFile section */

/* Begin PBXFileReference section */
		3940EC3B14969B4100625C8C /* Calculator.app */ = {isa = PBXFileReference; explicitFileType = wrapper.application; includeInIndex = 0; path = Calculator.app; sourceTree = BUILT_PRODUCTS_DIR; };
		3940EC3F14969B4100625C8C /* UIKit.framework */ = {isa = PBXFileReference; lastKnownFileType = wrapper.framework; name = UIKit.framework; path = System/Library/Frameworks/UIKit.framework; sourceTree = SDKROOT; };
		3940EC4114969B4100625C8C /* Foundation.framework */ = {isa = PBXFileReference; lastKnownFileType = wrapper.framework; name = Foundation.framework; path = System/Library/Frameworks/Foundation.framework; sourceTree = SDKROOT; };
		3940EC4314969B4100625C8C /* CoreGraphics.framework */ = {isa = PBXFileReference; lastKnownFileType = wrapper.framework; name = CoreGraphics.framework; path = System/Library/Frameworks/CoreGraphics.framework; sourceTree = SDKROOT; };
		3940EC4714969B4100625C8C /* Calculator-Info.plist */ = {isa = PBXFileReference; lastKnownFileType = text.plist.xml; path = "Calculator-Info.plist"; sourceTree = "<group>"; };
		3940EC4914969B4100625C8C /* en */ = {isa = PBXFileReference; lastKnownFileType = text.plist.strings; name = en; path = en.lproj/InfoPlist.strings; sourceTree = "<group>"; };
		3940EC4B14969B4100625C8C /* main.m */ = {isa = PBXFileReference; lastKnownFileType = sourcecode.c.objc; path = main.m; sourceTree = "<group>"; };
		3940EC4D14969B4100625C8C /* Calculator-Prefix.pch */ = {isa = PBXFileReference; lastKnownFileType = sourcecode.c.h; path = "Calculator-Prefix.pch"; sourceTree = "<group>"; };
		3940EC4E14969B4100625C8C /* CalculAppDelegate.h */ = {isa = PBXFileReference; lastKnownFileType = sourcecode.c.h; path = CalculAppDelegate.h; sourceTree = "<group>"; };
		3940EC4F14969B4100625C8C /* CalculAppDelegate.m */ = {isa = PBXFileReference; lastKnownFileType = sourcecode.c.objc; path = CalculAppDelegate.m; sourceTree = "<group>"; };
		3940EC5214969B4100625C8C /* en */ = {isa = PBXFileReference; lastKnownFileType = file.storyboard; name = en; path = en.lproj/MainStoryboard.storyboard; sourceTree = "<group>"; };
		3940EC5414969B4100625C8C /* CalculViewController.h */ = {isa = PBXFileReference; lastKnownFileType = sourcecode.c.h; path = CalculViewController.h; sourceTree = "<group>"; };
		3940EC5514969B4100625C8C /* CalculViewController.m */ = {isa = PBXFileReference; lastKnownFileType = sourcecode.c.objc; path = CalculViewController.m; sourceTree = "<group>"; };
		39BDAB51149CD84D000A0F40 /* CalculatorBrain.h */ = {isa = PBXFileReference; fileEncoding = 4; lastKnownFileType = sourcecode.c.h; path = CalculatorBrain.h; sourceTree = "<group>"; };
		39BDAB52149CD84D000A0F40 /* CalculatorBrain.m */ = {isa = PBXFileReference; fileEncoding = 4; lastKnownFileType = sourcecode.c.objc; path = CalculatorBrain.m; sourceTree = "<group>"; };
/* End PBXFileReference section */

/* Begin PBXFrameworksBuildPhase section */
		3940EC3814969B4100625C8C /* Frameworks */ = {
			isa = PBXFrameworksBuildPhase;
			buildActionMask = 2147483647;
			files = (
				3940EC4014969B4100625C8C /* UIKit.framework in Frameworks */,
				3940EC4214969B4100625C8C /* Foundation.framework in Frameworks */,
				3940EC4414969B4100625C8C /* CoreGraphics.framework in Frameworks */,
			);
			runOnlyForDeploymentPostprocessing = 0;
		};
/* End PBXFrameworksBuildPhase section */

/* Begin PBXGroup section */
		3940EC3014969B4100625C8C = {
			isa = PBXGroup;
			children = (
				3940EC4514969B4100625C8C /* Calculator */,
				3940EC3E14969B4100625C8C /* Frameworks */,
				3940EC3C14969B4100625C8C /* Products */,
			);
			sourceTree = "<group>";
		};
		3940EC3C14969B4100625C8C /* Products */ = {
			isa = PBXGroup;
			children = (
				3940EC3B14969B4100625C8C /* Calculator.app */,
			);
			name = Products;
			sourceTree = "<group>";
		};
		3940EC3E14969B4100625C8C /* Frameworks */ = {
			isa = PBXGroup;
			children = (
				3940EC3F14969B4100625C8C /* UIKit.framework */,
				3940EC4114969B4100625C8C /* Foundation.framework */,
				3940EC4314969B4100625C8C /* CoreGraphics.framework */,
			);
			name = Frameworks;
			sourceTree = "<group>";
		};
		3940EC4514969B4100625C8C /* Calculator */ = {
			isa = PBXGroup;
			children = (
				3940EC4E14969B4100625C8C /* CalculAppDelegate.h */,
				3940EC4F14969B4100625C8C /* CalculAppDelegate.m */,
				3940EC5114969B4100625C8C /* MainStoryboard.storyboard */,
				3940EC5414969B4100625C8C /* CalculViewController.h */,
				3940EC5514969B4100625C8C /* CalculViewController.m */,
				39BDAB51149CD84D000A0F40 /* CalculatorBrain.h */,
				39BDAB52149CD84D000A0F40 /* CalculatorBrain.m */,
				3940EC4614969B4100625C8C /* Supporting Files */,
			);
			path = Calculator;
			sourceTree = "<group>";
		};
		3940EC4614969B4100625C8C /* Supporting Files */ = {
			isa = PBXGroup;
			children = (
				3940EC4714969B4100625C8C /* Calculator-Info.plist */,
				3940EC4814969B4100625C8C /* InfoPlist.strings */,
				3940EC4B14969B4100625C8C /* main.m */,
				3940EC4D14969B4100625C8C /* Calculator-Prefix.pch */,
			);
			name = "Supporting Files";
			sourceTree = "<group>";
		};
/* End PBXGroup section */

/* Begin PBXNativeTarget section */
		3940EC3A14969B4100625C8C /* Calculator */ = {
			isa = PBXNativeTarget;
			buildConfigurationList = 3940EC5914969B4100625C8C /* Build configuration list for PBXNativeTarget "Calculator" */;
			buildPhases = (
				3940EC3714969B4100625C8C /* Sources */,
				3940EC3814969B4100625C8C /* Frameworks */,
				3940EC3914969B4100625C8C /* Resources */,
			);
			buildRules = (
			);
			dependencies = (
			);
			name = Calculator;
			productName = Calculator;
			productReference = 3940EC3B14969B4100625C8C /* Calculator.app */;
			productType = "com.apple.product-type.application";
		};
/* End PBXNativeTarget section */

/* Begin PBXProject section */
		3940EC3214969B4100625C8C /* Project object */ = {
			isa = PBXProject;
			attributes = {
				LastUpgradeCheck = 0420;
			};
			buildConfigurationList = 3940EC3514969B4100625C8C /* Build configuration list for PBXProject "Calculator" */;
			compatibilityVersion = "Xcode 3.2";
			developmentRegion = English;
			hasScannedForEncodings = 0;
			knownRegions = (
				en,
			);
			mainGroup = 3940EC3014969B4100625C8C;
			productRefGroup = 3940EC3C14969B4100625C8C /* Products */;
			projectDirPath = "";
			projectRoot = "";
			targets = (
				3940EC3A14969B4100625C8C /* Calculator */,
			);
		};
/* End PBXProject section */

/* Begin PBXResourcesBuildPhase section */
		3940EC3914969B4100625C8C /* Resources */ = {
			isa = PBXResourcesBuildPhase;
			buildActionMask = 2147483647;
			files = (
				3940EC4A14969B4100625C8C /* InfoPlist.strings in Resources */,
				3940EC5314969B4100625C8C /* MainStoryboard.storyboard in Resources */,
			);
			runOnlyForDeploymentPostprocessing = 0;
		};
/* End PBXResourcesBuildPhase section */

/* Begin PBXSourcesBuildPhase section */
		3940EC3714969B4100625C8C /* Sources */ = {
			isa = PBXSourcesBuildPhase;
			buildActionMask = 2147483647;
			files = (
				3940EC4C14969B4100625C8C /* main.m in Sources */,
				3940EC5014969B4100625C8C /* CalculAppDelegate.m in Sources */,
				3940EC5614969B4100625C8C /* CalculViewController.m in Sources */,
				39BDAB53149CD84D000A0F40 /* CalculatorBrain.m in Sources */,
			);
			runOnlyForDeploymentPostprocessing = 0;
		};
/* End PBXSourcesBuildPhase section */

/* Begin PBXVariantGroup section */
		3940EC4814969B4100625C8C /* InfoPlist.strings */ = {
			isa = PBXVariantGroup;
			children = (
				3940EC4914969B4100625C8C /* en */,
			);
			name = InfoPlist.strings;
			sourceTree = "<group>";
		};
		3940EC5114969B4100625C8C /* MainStoryboard.storyboard */ = {
			isa = PBXVariantGroup;
			children = (
				3940EC5214969B4100625C8C /* en */,
			);
			name = MainStoryboard.storyboard;
			sourceTree = "<group>";
		};
/* End PBXVariantGroup section */

/* Begin XCBuildConfiguration section */
		3940EC5714969B4100625C8C /* Debug */ = {
			isa = XCBuildConfiguration;
			buildSettings = {
				ALWAYS_SEARCH_USER_PATHS = NO;
				ARCHS = "$(ARCHS_STANDARD_32_BIT)";
				CLANG_ENABLE_OBJC_ARC = YES;
				"CODE_SIGN_IDENTITY[sdk=iphoneos*]" = "iPhone Developer";
				COPY_PHASE_STRIP = NO;
				GCC_C_LANGUAGE_STANDARD = gnu99;
				GCC_DYNAMIC_NO_PIC = NO;
				GCC_OPTIMIZATION_LEVEL = 0;
				GCC_PREPROCESSOR_DEFINITIONS = (
					"DEBUG=1",
					"$(inherited)",
				);
				GCC_SYMBOLS_PRIVATE_EXTERN = NO;
				GCC_VERSION = com.apple.compilers.llvm.clang.1_0;
				GCC_WARN_ABOUT_MISSING_PROTOTYPES = YES;
				GCC_WARN_ABOUT_RETURN_TYPE = YES;
				GCC_WARN_UNUSED_VARIABLE = YES;
				IPHONEOS_DEPLOYMENT_TARGET = 5.0;
				OTHER_CFLAGS = "";
				SDKROOT = iphoneos5.0;
				VALIDATE_PRODUCT = NO;
			};
			name = Debug;
		};
		3940EC5814969B4100625C8C /* Release */ = {
			isa = XCBuildConfiguration;
			buildSettings = {
				ALWAYS_SEARCH_USER_PATHS = NO;
				ARCHS = "$(ARCHS_STANDARD_32_BIT)";
				CLANG_ENABLE_OBJC_ARC = YES;
				"CODE_SIGN_IDENTITY[sdk=iphoneos*]" = "iPhone Developer";
				COPY_PHASE_STRIP = YES;
				GCC_C_LANGUAGE_STANDARD = gnu99;
				GCC_VERSION = com.apple.compilers.llvm.clang.1_0;
				GCC_WARN_ABOUT_MISSING_PROTOTYPES = YES;
				GCC_WARN_ABOUT_RETURN_TYPE = YES;
				GCC_WARN_UNUSED_VARIABLE = YES;
				IPHONEOS_DEPLOYMENT_TARGET = 5.0;
				OTHER_CFLAGS = "-DNS_BLOCK_ASSERTIONS=1";
				SDKROOT = iphoneos5.0;
				VALIDATE_PRODUCT = YES;
			};
			name = Release;
		};
		3940EC5A14969B4100625C8C /* Debug */ = {
			isa = XCBuildConfiguration;
			buildSettings = {
				GCC_PRECOMPILE_PREFIX_HEADER = YES;
				GCC_PREFIX_HEADER = "Calculator/Calculator-Prefix.pch";
				INFOPLIST_FILE = "Calculator/Calculator-Info.plist";
				IPHONEOS_DEPLOYMENT_TARGET = 5.0;
				ONLY_ACTIVE_ARCH = NO;
				OTHER_CFLAGS = "";
				"OTHER_CFLAGS[arch=*]" = "";
				PRODUCT_NAME = "$(TARGET_NAME)";
				SDKROOT = iphoneos;
				TARGETED_DEVICE_FAMILY = 1;
				WRAPPER_EXTENSION = app;
			};
			name = Debug;
		};
		3940EC5B14969B4100625C8C /* Release */ = {
			isa = XCBuildConfiguration;
			buildSettings = {
				GCC_PRECOMPILE_PREFIX_HEADER = YES;
				GCC_PREFIX_HEADER = "Calculator/Calculator-Prefix.pch";
				INFOPLIST_FILE = "Calculator/Calculator-Info.plist";
				IPHONEOS_DEPLOYMENT_TARGET = 5.0;
				ONLY_ACTIVE_ARCH = NO;
				OTHER_CFLAGS = "";
				PRODUCT_NAME = "$(TARGET_NAME)";
				SDKROOT = iphoneos;
				TARGETED_DEVICE_FAMILY = 1;
				WRAPPER_EXTENSION = app;
			};
			name = Release;
		};
/* End XCBuildConfiguration section */

/* Begin XCConfigurationList section */
		3940EC3514969B4100625C8C /* Build configuration list for PBXProject "Calculator" */ = {
			isa = XCConfigurationList;
			buildConfigurations = (
				3940EC5714969B4100625C8C /* Debug */,
				3940EC5814969B4100625C8C /* Release */,
			);
			defaultConfigurationIsVisible = 0;
			defaultConfigurationName = Release;
		};
		3940EC5914969B4100625C8C /* Build configuration list for PBXNativeTarget "Calculator" */ = {
			isa = XCConfigurationList;
			buildConfigurations = (
				3940EC5A14969B4100625C8C /* Debug */,
				3940EC5B14969B4100625C8C /* Release */,
			);
			defaultConfigurationIsVisible = 0;
			defaultConfigurationName = Release;
		};
/* End XCConfigurationList section */
	};
	rootObject = 3940EC3214969B4100625C8C /* Project object */;
}
